// !$*UTF8*$!
{
	archiveVersion = 1;
	classes = {
	};
	objectVersion = 45;
	objects = {

/* Begin PBXBuildFile section */
		1D3623260D0F684500981E51 /* ShapeKitAppDelegate.m in Sources */ = {isa = PBXBuildFile; fileRef = 1D3623250D0F684500981E51 /* ShapeKitAppDelegate.m */; };
		1D60589B0D05DD56006BFB54 /* main.m in Sources */ = {isa = PBXBuildFile; fileRef = 29B97316FDCFA39411CA2CEA /* main.m */; };
		1D60589F0D05DD5A006BFB54 /* Foundation.framework in Frameworks */ = {isa = PBXBuildFile; fileRef = 1D30AB110D05D00D00671497 /* Foundation.framework */; };
		1DF5F4E00D08C38300B7A737 /* UIKit.framework in Frameworks */ = {isa = PBXBuildFile; fileRef = 1DF5F4DF0D08C38300B7A737 /* UIKit.framework */; };
		288765A50DF7441C002DB57D /* CoreGraphics.framework in Frameworks */ = {isa = PBXBuildFile; fileRef = 288765A40DF7441C002DB57D /* CoreGraphics.framework */; };
		2899E5220DE3E06400AC0155 /* ShapeKitViewController.xib in Resources */ = {isa = PBXBuildFile; fileRef = 2899E5210DE3E06400AC0155 /* ShapeKitViewController.xib */; };
		28AD733F0D9D9553002E5188 /* MainWindow.xib in Resources */ = {isa = PBXBuildFile; fileRef = 28AD733E0D9D9553002E5188 /* MainWindow.xib */; };
		28D7ACF80DDB3853001CB0EB /* ShapeKitViewController.m in Sources */ = {isa = PBXBuildFile; fileRef = 28D7ACF70DDB3853001CB0EB /* ShapeKitViewController.m */; };
		CE27EB1D1223732800CDD743 /* ShapeKitGeometry.mm in Sources */ = {isa = PBXBuildFile; fileRef = CE27EB1C1223732800CDD743 /* ShapeKitGeometry.mm */; };
		CE27EC101224BCBB00CDD743 /* ShapeKitGeometry+Predicates.m in Sources */ = {isa = PBXBuildFile; fileRef = CE27EC0F1224BCBB00CDD743 /* ShapeKitGeometry+Predicates.m */; };
		CE5BD7E0122760820078FF08 /* ShapeKitGeometry+Topology.m in Sources */ = {isa = PBXBuildFile; fileRef = CE5BD7DF122760820078FF08 /* ShapeKitGeometry+Topology.m */; };
		CEAD6ED81220B62C0045AF2C /* libgeos_c.a in Frameworks */ = {isa = PBXBuildFile; fileRef = CEAD6ED71220B62C0045AF2C /* libgeos_c.a */; };
		CEAD6EDA1220B62C0045AF2C /* libgeos.a in Frameworks */ = {isa = PBXBuildFile; fileRef = CEAD6ED91220B62C0045AF2C /* libgeos.a */; };
		CEAD6F281220BA3D0045AF2C /* MapKit.framework in Frameworks */ = {isa = PBXBuildFile; fileRef = CEAD6F271220BA3D0045AF2C /* MapKit.framework */; };
		CEAD6FAE1220C83C0045AF2C /* CoreLocation.framework in Frameworks */ = {isa = PBXBuildFile; fileRef = CEAD6FAD1220C83C0045AF2C /* CoreLocation.framework */; };
/* End PBXBuildFile section */

/* Begin PBXFileReference section */
		1D30AB110D05D00D00671497 /* Foundation.framework */ = {isa = PBXFileReference; lastKnownFileType = wrapper.framework; name = Foundation.framework; path = System/Library/Frameworks/Foundation.framework; sourceTree = SDKROOT; };
		1D3623240D0F684500981E51 /* ShapeKitAppDelegate.h */ = {isa = PBXFileReference; fileEncoding = 4; lastKnownFileType = sourcecode.c.h; path = ShapeKitAppDelegate.h; sourceTree = "<group>"; };
		1D3623250D0F684500981E51 /* ShapeKitAppDelegate.m */ = {isa = PBXFileReference; fileEncoding = 4; lastKnownFileType = sourcecode.c.objc; path = ShapeKitAppDelegate.m; sourceTree = "<group>"; };
		1D6058910D05DD3D006BFB54 /* ShapeKit.app */ = {isa = PBXFileReference; explicitFileType = wrapper.application; includeInIndex = 0; path = ShapeKit.app; sourceTree = BUILT_PRODUCTS_DIR; };
		1DF5F4DF0D08C38300B7A737 /* UIKit.framework */ = {isa = PBXFileReference; lastKnownFileType = wrapper.framework; name = UIKit.framework; path = System/Library/Frameworks/UIKit.framework; sourceTree = SDKROOT; };
		288765A40DF7441C002DB57D /* CoreGraphics.framework */ = {isa = PBXFileReference; lastKnownFileType = wrapper.framework; name = CoreGraphics.framework; path = System/Library/Frameworks/CoreGraphics.framework; sourceTree = SDKROOT; };
		2899E5210DE3E06400AC0155 /* ShapeKitViewController.xib */ = {isa = PBXFileReference; lastKnownFileType = file.xib; path = ShapeKitViewController.xib; sourceTree = "<group>"; };
		28AD733E0D9D9553002E5188 /* MainWindow.xib */ = {isa = PBXFileReference; lastKnownFileType = file.xib; path = MainWindow.xib; sourceTree = "<group>"; };
		28D7ACF60DDB3853001CB0EB /* ShapeKitViewController.h */ = {isa = PBXFileReference; fileEncoding = 4; lastKnownFileType = sourcecode.c.h; path = ShapeKitViewController.h; sourceTree = "<group>"; };
		28D7ACF70DDB3853001CB0EB /* ShapeKitViewController.m */ = {isa = PBXFileReference; fileEncoding = 4; lastKnownFileType = sourcecode.c.objc; path = ShapeKitViewController.m; sourceTree = "<group>"; };
		29B97316FDCFA39411CA2CEA /* main.m */ = {isa = PBXFileReference; fileEncoding = 4; lastKnownFileType = sourcecode.c.objc; path = main.m; sourceTree = "<group>"; };
		32CA4F630368D1EE00C91783 /* ShapeKit_Prefix.pch */ = {isa = PBXFileReference; fileEncoding = 4; lastKnownFileType = sourcecode.c.h; path = ShapeKit_Prefix.pch; sourceTree = "<group>"; };
		8D1107310486CEB800E47090 /* ShapeKit-Info.plist */ = {isa = PBXFileReference; fileEncoding = 4; lastKnownFileType = text.plist.xml; path = "ShapeKit-Info.plist"; plistStructureDefinitionIdentifier = "com.apple.xcode.plist.structure-definition.iphone.info-plist"; sourceTree = "<group>"; };
		CE27EB1B1223732800CDD743 /* ShapeKitGeometry.h */ = {isa = PBXFileReference; fileEncoding = 4; lastKnownFileType = sourcecode.c.h; path = ShapeKitGeometry.h; sourceTree = "<group>"; };
		CE27EB1C1223732800CDD743 /* ShapeKitGeometry.mm */ = {isa = PBXFileReference; fileEncoding = 4; lastKnownFileType = sourcecode.cpp.objcpp; path = ShapeKitGeometry.mm; sourceTree = "<group>"; };
		CE27EBE31224B83600CDD743 /* ShapeKit.h */ = {isa = PBXFileReference; fileEncoding = 4; lastKnownFileType = sourcecode.c.h; path = ShapeKit.h; sourceTree = "<group>"; };
		CE27EC0E1224BCBB00CDD743 /* ShapeKitGeometry+Predicates.h */ = {isa = PBXFileReference; fileEncoding = 4; lastKnownFileType = sourcecode.c.h; path = "ShapeKitGeometry+Predicates.h"; sourceTree = "<group>"; };
		CE27EC0F1224BCBB00CDD743 /* ShapeKitGeometry+Predicates.m */ = {isa = PBXFileReference; fileEncoding = 4; lastKnownFileType = sourcecode.c.objc; path = "ShapeKitGeometry+Predicates.m"; sourceTree = "<group>"; };
		CE5BD7DE122760820078FF08 /* ShapeKitGeometry+Topology.h */ = {isa = PBXFileReference; fileEncoding = 4; lastKnownFileType = sourcecode.c.h; path = "ShapeKitGeometry+Topology.h"; sourceTree = "<group>"; };
		CE5BD7DF122760820078FF08 /* ShapeKitGeometry+Topology.m */ = {isa = PBXFileReference; fileEncoding = 4; lastKnownFileType = sourcecode.c.objc; path = "ShapeKitGeometry+Topology.m"; sourceTree = "<group>"; };
		CEAD6ED71220B62C0045AF2C /* libgeos_c.a */ = {isa = PBXFileReference; lastKnownFileType = archive.ar; name = libgeos_c.a; path = /Users/mw/Developer/Platforms/iPhoneOS.platform/Developer/SDKs/iPhoneOS4.1.sdk/lib/libgeos_c.a; sourceTree = "<absolute>"; };
		CEAD6ED91220B62C0045AF2C /* libgeos.a */ = {isa = PBXFileReference; lastKnownFileType = archive.ar; name = libgeos.a; path = /Users/mw/Developer/Platforms/iPhoneOS.platform/Developer/SDKs/iPhoneOS4.1.sdk/lib/libgeos.a; sourceTree = "<absolute>"; };
		CEAD6F271220BA3D0045AF2C /* MapKit.framework */ = {isa = PBXFileReference; lastKnownFileType = wrapper.framework; name = MapKit.framework; path = System/Library/Frameworks/MapKit.framework; sourceTree = SDKROOT; };
		CEAD6FAD1220C83C0045AF2C /* CoreLocation.framework */ = {isa = PBXFileReference; lastKnownFileType = wrapper.framework; name = CoreLocation.framework; path = System/Library/Frameworks/CoreLocation.framework; sourceTree = SDKROOT; };
/* End PBXFileReference section */

/* Begin PBXFrameworksBuildPhase section */
		1D60588F0D05DD3D006BFB54 /* Frameworks */ = {
			isa = PBXFrameworksBuildPhase;
			buildActionMask = 2147483647;
			files = (
				1D60589F0D05DD5A006BFB54 /* Foundation.framework in Frameworks */,
				1DF5F4E00D08C38300B7A737 /* UIKit.framework in Frameworks */,
				288765A50DF7441C002DB57D /* CoreGraphics.framework in Frameworks */,
				CEAD6ED81220B62C0045AF2C /* libgeos_c.a in Frameworks */,
				CEAD6EDA1220B62C0045AF2C /* libgeos.a in Frameworks */,
				CEAD6F281220BA3D0045AF2C /* MapKit.framework in Frameworks */,
				CEAD6FAE1220C83C0045AF2C /* CoreLocation.framework in Frameworks */,
			);
			runOnlyForDeploymentPostprocessing = 0;
		};
/* End PBXFrameworksBuildPhase section */

/* Begin PBXGroup section */
		080E96DDFE201D6D7F000001 /* Classes */ = {
			isa = PBXGroup;
			children = (
				CE27EB1A1223732800CDD743 /* ShapeKit */,
				1D3623240D0F684500981E51 /* ShapeKitAppDelegate.h */,
				1D3623250D0F684500981E51 /* ShapeKitAppDelegate.m */,
				28D7ACF60DDB3853001CB0EB /* ShapeKitViewController.h */,
				28D7ACF70DDB3853001CB0EB /* ShapeKitViewController.m */,
			);
			path = Classes;
			sourceTree = "<group>";
		};
		19C28FACFE9D520D11CA2CBB /* Products */ = {
			isa = PBXGroup;
			children = (
				1D6058910D05DD3D006BFB54 /* ShapeKit.app */,
			);
			name = Products;
			sourceTree = "<group>";
		};
		29B97314FDCFA39411CA2CEA /* CustomTemplate */ = {
			isa = PBXGroup;
			children = (
				080E96DDFE201D6D7F000001 /* Classes */,
				29B97315FDCFA39411CA2CEA /* Other Sources */,
				29B97317FDCFA39411CA2CEA /* Resources */,
				29B97323FDCFA39411CA2CEA /* Frameworks */,
				19C28FACFE9D520D11CA2CBB /* Products */,
			);
			name = CustomTemplate;
			sourceTree = "<group>";
		};
		29B97315FDCFA39411CA2CEA /* Other Sources */ = {
			isa = PBXGroup;
			children = (
				32CA4F630368D1EE00C91783 /* ShapeKit_Prefix.pch */,
				29B97316FDCFA39411CA2CEA /* main.m */,
			);
			name = "Other Sources";
			sourceTree = "<group>";
		};
		29B97317FDCFA39411CA2CEA /* Resources */ = {
			isa = PBXGroup;
			children = (
				2899E5210DE3E06400AC0155 /* ShapeKitViewController.xib */,
				28AD733E0D9D9553002E5188 /* MainWindow.xib */,
				8D1107310486CEB800E47090 /* ShapeKit-Info.plist */,
			);
			name = Resources;
			sourceTree = "<group>";
		};
		29B97323FDCFA39411CA2CEA /* Frameworks */ = {
			isa = PBXGroup;
			children = (
				1DF5F4DF0D08C38300B7A737 /* UIKit.framework */,
				1D30AB110D05D00D00671497 /* Foundation.framework */,
				288765A40DF7441C002DB57D /* CoreGraphics.framework */,
				CEAD6ED71220B62C0045AF2C /* libgeos_c.a */,
				CEAD6ED91220B62C0045AF2C /* libgeos.a */,
				CEAD6F271220BA3D0045AF2C /* MapKit.framework */,
				CEAD6FAD1220C83C0045AF2C /* CoreLocation.framework */,
			);
			name = Frameworks;
			sourceTree = "<group>";
		};
		CE27EB1A1223732800CDD743 /* ShapeKit */ = {
			isa = PBXGroup;
			children = (
				CE27EBE31224B83600CDD743 /* ShapeKit.h */,
				CE27EB1B1223732800CDD743 /* ShapeKitGeometry.h */,
				CE27EB1C1223732800CDD743 /* ShapeKitGeometry.mm */,
				CE27EC0E1224BCBB00CDD743 /* ShapeKitGeometry+Predicates.h */,
				CE27EC0F1224BCBB00CDD743 /* ShapeKitGeometry+Predicates.m */,
				CE5BD7DE122760820078FF08 /* ShapeKitGeometry+Topology.h */,
				CE5BD7DF122760820078FF08 /* ShapeKitGeometry+Topology.m */,
			);
			name = ShapeKit;
			path = ../ShapeKit;
			sourceTree = SOURCE_ROOT;
		};
/* End PBXGroup section */

/* Begin PBXNativeTarget section */
		1D6058900D05DD3D006BFB54 /* ShapeKit */ = {
			isa = PBXNativeTarget;
			buildConfigurationList = 1D6058960D05DD3E006BFB54 /* Build configuration list for PBXNativeTarget "ShapeKit" */;
			buildPhases = (
				1D60588D0D05DD3D006BFB54 /* Resources */,
				1D60588E0D05DD3D006BFB54 /* Sources */,
				1D60588F0D05DD3D006BFB54 /* Frameworks */,
			);
			buildRules = (
			);
			dependencies = (
			);
			name = ShapeKit;
			productName = GeoKit;
			productReference = 1D6058910D05DD3D006BFB54 /* ShapeKit.app */;
			productType = "com.apple.product-type.application";
		};
/* End PBXNativeTarget section */

/* Begin PBXProject section */
		29B97313FDCFA39411CA2CEA /* Project object */ = {
			isa = PBXProject;
			buildConfigurationList = C01FCF4E08A954540054247B /* Build configuration list for PBXProject "ShapeKit" */;
			compatibilityVersion = "Xcode 3.1";
			developmentRegion = English;
			hasScannedForEncodings = 1;
			knownRegions = (
				English,
				Japanese,
				French,
				German,
			);
			mainGroup = 29B97314FDCFA39411CA2CEA /* CustomTemplate */;
			projectDirPath = "";
			projectRoot = "";
			targets = (
				1D6058900D05DD3D006BFB54 /* ShapeKit */,
			);
		};
/* End PBXProject section */

/* Begin PBXResourcesBuildPhase section */
		1D60588D0D05DD3D006BFB54 /* Resources */ = {
			isa = PBXResourcesBuildPhase;
			buildActionMask = 2147483647;
			files = (
				28AD733F0D9D9553002E5188 /* MainWindow.xib in Resources */,
				2899E5220DE3E06400AC0155 /* ShapeKitViewController.xib in Resources */,
			);
			runOnlyForDeploymentPostprocessing = 0;
		};
/* End PBXResourcesBuildPhase section */

/* Begin PBXSourcesBuildPhase section */
		1D60588E0D05DD3D006BFB54 /* Sources */ = {
			isa = PBXSourcesBuildPhase;
			buildActionMask = 2147483647;
			files = (
				1D60589B0D05DD56006BFB54 /* main.m in Sources */,
				1D3623260D0F684500981E51 /* ShapeKitAppDelegate.m in Sources */,
				28D7ACF80DDB3853001CB0EB /* ShapeKitViewController.m in Sources */,
				CE27EB1D1223732800CDD743 /* ShapeKitGeometry.mm in Sources */,
				CE27EC101224BCBB00CDD743 /* ShapeKitGeometry+Predicates.m in Sources */,
				CE5BD7E0122760820078FF08 /* ShapeKitGeometry+Topology.m in Sources */,
			);
			runOnlyForDeploymentPostprocessing = 0;
		};
/* End PBXSourcesBuildPhase section */

/* Begin XCBuildConfiguration section */
		1D6058940D05DD3E006BFB54 /* Debug */ = {
			isa = XCBuildConfiguration;
			buildSettings = {
				ALWAYS_SEARCH_USER_PATHS = NO;
				COPY_PHASE_STRIP = NO;
				GCC_DYNAMIC_NO_PIC = NO;
				GCC_OPTIMIZATION_LEVEL = 0;
				GCC_PRECOMPILE_PREFIX_HEADER = YES;
				GCC_PREFIX_HEADER = ShapeKit_Prefix.pch;
				HEADER_SEARCH_PATHS = "$(HOME)/$(SDK_DIR)/include";
				INFOPLIST_FILE = "ShapeKit-Info.plist";
				LIBRARY_SEARCH_PATHS = "$(HOME)/$(SDK_DIR)/lib";
				OTHER_LDFLAGS = (
					"-lgcc_eh",
					"-cclib",
					"-lstdc++",
				);
				PRODUCT_NAME = ShapeKit;
			};
			name = Debug;
		};
		1D6058950D05DD3E006BFB54 /* Release */ = {
			isa = XCBuildConfiguration;
			buildSettings = {
				ALWAYS_SEARCH_USER_PATHS = NO;
				COPY_PHASE_STRIP = YES;
				GCC_PRECOMPILE_PREFIX_HEADER = YES;
				GCC_PREFIX_HEADER = ShapeKit_Prefix.pch;
				HEADER_SEARCH_PATHS = "$(HOME)/$(SDK_DIR)/include";
				INFOPLIST_FILE = "ShapeKit-Info.plist";
				LIBRARY_SEARCH_PATHS = "$(HOME)/$(SDK_DIR)/lib";
				OTHER_LDFLAGS = (
					"-lgcc_eh",
					"-cclib",
					"-lstdc++",
				);
				PRODUCT_NAME = ShapeKit;
				VALIDATE_PRODUCT = YES;
			};
			name = Release;
		};
		C01FCF4F08A954540054247B /* Debug */ = {
			isa = XCBuildConfiguration;
			buildSettings = {
				ARCHS = "$(ARCHS_STANDARD_32_BIT)";
				"CODE_SIGN_IDENTITY[sdk=iphoneos*]" = "iPhone Developer";
				GCC_C_LANGUAGE_STANDARD = c99;
				GCC_WARN_ABOUT_RETURN_TYPE = YES;
				GCC_WARN_UNUSED_VARIABLE = YES;
				PREBINDING = NO;
				SDKROOT = iphoneos4.1;
			};
			name = Debug;
		};
		C01FCF5008A954540054247B /* Release */ = {
			isa = XCBuildConfiguration;
			buildSettings = {
				ARCHS = "$(ARCHS_STANDARD_32_BIT)";
				"CODE_SIGN_IDENTITY[sdk=iphoneos*]" = "iPhone Developer";
				GCC_C_LANGUAGE_STANDARD = c99;
				GCC_WARN_ABOUT_RETURN_TYPE = YES;
				GCC_WARN_UNUSED_VARIABLE = YES;
				OTHER_CFLAGS = "-DNS_BLOCK_ASSERTIONS=1";
				PREBINDING = NO;
				SDKROOT = iphoneos4.1;
			};
			name = Release;
		};
/* End XCBuildConfiguration section */

/* Begin XCConfigurationList section */
		1D6058960D05DD3E006BFB54 /* Build configuration list for PBXNativeTarget "ShapeKit" */ = {
			isa = XCConfigurationList;
			buildConfigurations = (
				1D6058940D05DD3E006BFB54 /* Debug */,
				1D6058950D05DD3E006BFB54 /* Release */,
			);
			defaultConfigurationIsVisible = 0;
			defaultConfigurationName = Release;
		};
		C01FCF4E08A954540054247B /* Build configuration list for PBXProject "ShapeKit" */ = {
			isa = XCConfigurationList;
			buildConfigurations = (
				C01FCF4F08A954540054247B /* Debug */,
				C01FCF5008A954540054247B /* Release */,
			);
			defaultConfigurationIsVisible = 0;
			defaultConfigurationName = Release;
		};
/* End XCConfigurationList section */
	};
	rootObject = 29B97313FDCFA39411CA2CEA /* Project object */;
}
